
Microsoft Visual Studio Solution File, Format Version 12.00
# Visual Studio Version 17
VisualStudioVersion = 17.0.31919.166
MinimumVisualStudioVersion = 10.0.40219.1
Project("{FAE04EC0-301F-11D3-BF4B-00C04F79EFBC}") = "WebAPI", "WebAPI.csproj", "{D03657E3-4E23-45B6-A11E-B8F69C0D9AD9}"
EndProject
Global
	GlobalSection(SolutionConfigurationPlatforms) = preSolution
		Debug|Any CPU = Debug|Any CPU
		Release|Any CPU = Release|Any CPU
	EndGlobalSection
	GlobalSection(ProjectConfigurationPlatforms) = postSolution
		{D03657E3-4E23-45B6-A11E-B8F69C0D9AD9}.Debug|Any CPU.ActiveCfg = Debug|Any CPU
		{D03657E3-4E23-45B6-A11E-B8F69C0D9AD9}.Debug|Any CPU.Build.0 = Debug|Any CPU
		{D03657E3-4E23-45B6-A11E-B8F69C0D9AD9}.Release|Any CPU.ActiveCfg = Release|Any CPU
		{D03657E3-4E23-45B6-A11E-B8F69C0D9AD9}.Release|Any CPU.Build.0 = Release|Any CPU
	EndGlobalSection
	GlobalSection(SolutionProperties) = preSolution
		HideSolutionNode = FALSE
	EndGlobalSection
	GlobalSection(ExtensibilityGlobals) = postSolution
		SolutionGuid = {1A4F8FF0-AAE3-4806-9DEA-E2D6F636A83F}
	EndGlobalSection
EndGlobal
